
Microsoft Visual Studio Solution File, Format Version 12.00
# Visual Studio Version 16
VisualStudioVersion = 16.0.31911.196
MinimumVisualStudioVersion = 10.0.40219.1
Project("{FAE04EC0-301F-11D3-BF4B-00C04F79EFBC}") = "Form_Z07", "Form_Z07\Form_Z07.csproj", "{7A8EE3AD-5C07-40B0-912D-FD67F0BC69AE}"
EndProject
Global
	GlobalSection(SolutionConfigurationPlatforms) = preSolution
		Debug|Any CPU = Debug|Any CPU
		Release|Any CPU = Release|Any CPU
	EndGlobalSection
	GlobalSection(ProjectConfigurationPlatforms) = postSolution
		{7A8EE3AD-5C07-40B0-912D-FD67F0BC69AE}.Debug|Any CPU.ActiveCfg = Debug|Any CPU
		{7A8EE3AD-5C07-40B0-912D-FD67F0BC69AE}.Debug|Any CPU.Build.0 = Debug|Any CPU
		{7A8EE3AD-5C07-40B0-912D-FD67F0BC69AE}.Release|Any CPU.ActiveCfg = Release|Any CPU
		{7A8EE3AD-5C07-40B0-912D-FD67F0BC69AE}.Release|Any CPU.Build.0 = Release|Any CPU
	EndGlobalSection
	GlobalSection(SolutionProperties) = preSolution
		HideSolutionNode = FALSE
	EndGlobalSection
	GlobalSection(ExtensibilityGlobals) = postSolution
		SolutionGuid = {1D308AF8-DF08-4421-BFAC-3F7DBFCDCB05}
	EndGlobalSection
EndGlobal
